
Microsoft Visual Studio Solution File, Format Version 12.00
# Visual Studio 2015
Project("{FAE04EC0-301F-11D3-BF4B-00C04F79EFBC}") = "Trapped Alive Take Two.Plugins", "Trapped Alive Take Two.Plugins.csproj", "{DBD413EE-8A38-E55B-D523-71ADC16F0C26}"
EndProject
Project("{FAE04EC0-301F-11D3-BF4B-00C04F79EFBC}") = "Trapped Alive Take Two", "Trapped Alive Take Two.csproj", "{7CFA70C8-B77A-3652-3AAC-2DEB3187189C}"
EndProject
Project("{FAE04EC0-301F-11D3-BF4B-00C04F79EFBC}") = "Trapped Alive Take Two.Editor", "Trapped Alive Take Two.Editor.csproj", "{D0460351-9524-190F-399A-A5EA568F240B}"
EndProject
Global
	GlobalSection(SolutionConfigurationPlatforms) = preSolution
		Debug|Any CPU = Debug|Any CPU
		Release|Any CPU = Release|Any CPU
	EndGlobalSection
	GlobalSection(ProjectConfigurationPlatforms) = postSolution
		{DBD413EE-8A38-E55B-D523-71ADC16F0C26}.Debug|Any CPU.ActiveCfg = Debug|Any CPU
		{DBD413EE-8A38-E55B-D523-71ADC16F0C26}.Debug|Any CPU.Build.0 = Debug|Any CPU
		{DBD413EE-8A38-E55B-D523-71ADC16F0C26}.Release|Any CPU.ActiveCfg = Release|Any CPU
		{DBD413EE-8A38-E55B-D523-71ADC16F0C26}.Release|Any CPU.Build.0 = Release|Any CPU
		{7CFA70C8-B77A-3652-3AAC-2DEB3187189C}.Debug|Any CPU.ActiveCfg = Debug|Any CPU
		{7CFA70C8-B77A-3652-3AAC-2DEB3187189C}.Debug|Any CPU.Build.0 = Debug|Any CPU
		{7CFA70C8-B77A-3652-3AAC-2DEB3187189C}.Release|Any CPU.ActiveCfg = Release|Any CPU
		{7CFA70C8-B77A-3652-3AAC-2DEB3187189C}.Release|Any CPU.Build.0 = Release|Any CPU
		{D0460351-9524-190F-399A-A5EA568F240B}.Debug|Any CPU.ActiveCfg = Debug|Any CPU
		{D0460351-9524-190F-399A-A5EA568F240B}.Debug|Any CPU.Build.0 = Debug|Any CPU
		{D0460351-9524-190F-399A-A5EA568F240B}.Release|Any CPU.ActiveCfg = Release|Any CPU
		{D0460351-9524-190F-399A-A5EA568F240B}.Release|Any CPU.Build.0 = Release|Any CPU
	EndGlobalSection
	GlobalSection(SolutionProperties) = preSolution
		HideSolutionNode = FALSE
	EndGlobalSection
EndGlobal
